{
  "name": "neat-as-wine",
  "version": "1.1.0",
  "lockfileVersion": 1,
  "requires": true,
  "dependencies": {
    "ddspog-d3-kit": {
      "version": "0.3.2",
      "resolved": "https://registry.npmjs.org/ddspog-d3-kit/-/ddspog-d3-kit-0.3.2.tgz",
      "integrity": "sha512-iJSULTvogASlfAA/9rOxDF5kAPHRN7ctiIzaQE3ExwsvL731EgPL3B2YeNBojW2CY4K3v+ei6gnkATDE4OqZJA=="
    }
  }
}
